// !$*UTF8*$!
{
	archiveVersion = 1;
	classes = {
	};
	objectVersion = 46;
	objects = {

/* Begin PBXBuildFile section */
		65246DFE171DDDD700C04AB3 /* MGSFeedzillaCategory.m in Sources */ = {isa = PBXBuildFile; fileRef = 65246DF7171DDDD700C04AB3 /* MGSFeedzillaCategory.m */; };
		65246DFF171DDDD700C04AB3 /* MGSFeedzillaCulture.m in Sources */ = {isa = PBXBuildFile; fileRef = 65246DF9171DDDD700C04AB3 /* MGSFeedzillaCulture.m */; };
		65246E00171DDDD700C04AB3 /* MGSFeedzillaSearchCriteria.m in Sources */ = {isa = PBXBuildFile; fileRef = 65246DFB171DDDD700C04AB3 /* MGSFeedzillaSearchCriteria.m */; };
		65246E01171DDDD700C04AB3 /* MGSFeedzillaSubcategory.m in Sources */ = {isa = PBXBuildFile; fileRef = 65246DFD171DDDD700C04AB3 /* MGSFeedzillaSubcategory.m */; };
		65ED0BAE171EED4F00E74159 /* MGSFeedzillaSearchViewModel.m in Sources */ = {isa = PBXBuildFile; fileRef = 65ED0BAD171EED4F00E74159 /* MGSFeedzillaSearchViewModel.m */; };
		65ED0BB1171EF6D300E74159 /* MGSFeedzillaSearchResult.m in Sources */ = {isa = PBXBuildFile; fileRef = 65ED0BB0171EF6D300E74159 /* MGSFeedzillaSearchResult.m */; };
		65ED0BB5171F2FCE00E74159 /* MGSFeedzillaClient.m in Sources */ = {isa = PBXBuildFile; fileRef = 65ED0BB4171F2FCE00E74159 /* MGSFeedzillaClient.m */; };
		B8AD03FEBE6440CEB8B1E159 /* libPods.a in Frameworks */ = {isa = PBXBuildFile; fileRef = 10443FC7D97144F98A5C104A /* libPods.a */; };
		FDB4D551171BB22200710C2B /* Cocoa.framework in Frameworks */ = {isa = PBXBuildFile; fileRef = FDB4D550171BB22200710C2B /* Cocoa.framework */; };
		FDB4D55B171BB22200710C2B /* InfoPlist.strings in Resources */ = {isa = PBXBuildFile; fileRef = FDB4D559171BB22200710C2B /* InfoPlist.strings */; };
		FDB4D55D171BB22200710C2B /* main.m in Sources */ = {isa = PBXBuildFile; fileRef = FDB4D55C171BB22200710C2B /* main.m */; };
		FDB4D561171BB22200710C2B /* Credits.rtf in Resources */ = {isa = PBXBuildFile; fileRef = FDB4D55F171BB22200710C2B /* Credits.rtf */; };
		FDB4D564171BB22200710C2B /* MGSAppDelegate.m in Sources */ = {isa = PBXBuildFile; fileRef = FDB4D563171BB22200710C2B /* MGSAppDelegate.m */; };
		FDB4D567171BB22200710C2B /* MainMenu.xib in Resources */ = {isa = PBXBuildFile; fileRef = FDB4D565171BB22200710C2B /* MainMenu.xib */; };
		FDB4D56F171BB22200710C2B /* SenTestingKit.framework in Frameworks */ = {isa = PBXBuildFile; fileRef = FDB4D56E171BB22200710C2B /* SenTestingKit.framework */; };
		FDB4D570171BB22200710C2B /* Cocoa.framework in Frameworks */ = {isa = PBXBuildFile; fileRef = FDB4D550171BB22200710C2B /* Cocoa.framework */; };
		FDB4D578171BB22200710C2B /* InfoPlist.strings in Resources */ = {isa = PBXBuildFile; fileRef = FDB4D576171BB22200710C2B /* InfoPlist.strings */; };
		FDB4D57B171BB22300710C2B /* RCPlaygroundTests.m in Sources */ = {isa = PBXBuildFile; fileRef = FDB4D57A171BB22300710C2B /* RCPlaygroundTests.m */; };
		FDBF12BF171F9F28009C44BE /* SystemConfiguration.framework in Frameworks */ = {isa = PBXBuildFile; fileRef = FDBF12BE171F9F28009C44BE /* SystemConfiguration.framework */; };
/* End PBXBuildFile section */

/* Begin PBXContainerItemProxy section */
		FDB4D571171BB22200710C2B /* PBXContainerItemProxy */ = {
			isa = PBXContainerItemProxy;
			containerPortal = FDB4D545171BB22200710C2B /* Project object */;
			proxyType = 1;
			remoteGlobalIDString = FDB4D54C171BB22200710C2B;
			remoteInfo = RCPlayground;
		};
/* End PBXContainerItemProxy section */

/* Begin PBXFileReference section */
		10443FC7D97144F98A5C104A /* libPods.a */ = {isa = PBXFileReference; explicitFileType = archive.ar; includeInIndex = 0; path = libPods.a; sourceTree = BUILT_PRODUCTS_DIR; };
		65246DF6171DDDD700C04AB3 /* MGSFeedzillaCategory.h */ = {isa = PBXFileReference; fileEncoding = 4; lastKnownFileType = sourcecode.c.h; path = MGSFeedzillaCategory.h; sourceTree = "<group>"; };
		65246DF7171DDDD700C04AB3 /* MGSFeedzillaCategory.m */ = {isa = PBXFileReference; fileEncoding = 4; lastKnownFileType = sourcecode.c.objc; path = MGSFeedzillaCategory.m; sourceTree = "<group>"; };
		65246DF8171DDDD700C04AB3 /* MGSFeedzillaCulture.h */ = {isa = PBXFileReference; fileEncoding = 4; lastKnownFileType = sourcecode.c.h; path = MGSFeedzillaCulture.h; sourceTree = "<group>"; };
		65246DF9171DDDD700C04AB3 /* MGSFeedzillaCulture.m */ = {isa = PBXFileReference; fileEncoding = 4; lastKnownFileType = sourcecode.c.objc; path = MGSFeedzillaCulture.m; sourceTree = "<group>"; };
		65246DFA171DDDD700C04AB3 /* MGSFeedzillaSearchCriteria.h */ = {isa = PBXFileReference; fileEncoding = 4; lastKnownFileType = sourcecode.c.h; path = MGSFeedzillaSearchCriteria.h; sourceTree = "<group>"; };
		65246DFB171DDDD700C04AB3 /* MGSFeedzillaSearchCriteria.m */ = {isa = PBXFileReference; fileEncoding = 4; lastKnownFileType = sourcecode.c.objc; path = MGSFeedzillaSearchCriteria.m; sourceTree = "<group>"; };
		65246DFC171DDDD700C04AB3 /* MGSFeedzillaSubcategory.h */ = {isa = PBXFileReference; fileEncoding = 4; lastKnownFileType = sourcecode.c.h; path = MGSFeedzillaSubcategory.h; sourceTree = "<group>"; };
		65246DFD171DDDD700C04AB3 /* MGSFeedzillaSubcategory.m */ = {isa = PBXFileReference; fileEncoding = 4; lastKnownFileType = sourcecode.c.objc; path = MGSFeedzillaSubcategory.m; sourceTree = "<group>"; };
		65ED0BAC171EED4F00E74159 /* MGSFeedzillaSearchViewModel.h */ = {isa = PBXFileReference; fileEncoding = 4; lastKnownFileType = sourcecode.c.h; path = MGSFeedzillaSearchViewModel.h; sourceTree = "<group>"; };
		65ED0BAD171EED4F00E74159 /* MGSFeedzillaSearchViewModel.m */ = {isa = PBXFileReference; fileEncoding = 4; lastKnownFileType = sourcecode.c.objc; path = MGSFeedzillaSearchViewModel.m; sourceTree = "<group>"; };
		65ED0BAF171EF6D300E74159 /* MGSFeedzillaSearchResult.h */ = {isa = PBXFileReference; fileEncoding = 4; lastKnownFileType = sourcecode.c.h; path = MGSFeedzillaSearchResult.h; sourceTree = "<group>"; };
		65ED0BB0171EF6D300E74159 /* MGSFeedzillaSearchResult.m */ = {isa = PBXFileReference; fileEncoding = 4; lastKnownFileType = sourcecode.c.objc; path = MGSFeedzillaSearchResult.m; sourceTree = "<group>"; };
		65ED0BB3171F2FCE00E74159 /* MGSFeedzillaClient.h */ = {isa = PBXFileReference; fileEncoding = 4; lastKnownFileType = sourcecode.c.h; path = MGSFeedzillaClient.h; sourceTree = "<group>"; };
		65ED0BB4171F2FCE00E74159 /* MGSFeedzillaClient.m */ = {isa = PBXFileReference; fileEncoding = 4; lastKnownFileType = sourcecode.c.objc; path = MGSFeedzillaClient.m; sourceTree = "<group>"; };
		AF2107304AD84B4DB3F6DF1E /* Pods.xcconfig */ = {isa = PBXFileReference; includeInIndex = 1; lastKnownFileType = text.xcconfig; name = Pods.xcconfig; path = ../Pods/Pods.xcconfig; sourceTree = SOURCE_ROOT; };
		FDB4D54D171BB22200710C2B /* RCPlayground.app */ = {isa = PBXFileReference; explicitFileType = wrapper.application; includeInIndex = 0; path = RCPlayground.app; sourceTree = BUILT_PRODUCTS_DIR; };
		FDB4D550171BB22200710C2B /* Cocoa.framework */ = {isa = PBXFileReference; lastKnownFileType = wrapper.framework; name = Cocoa.framework; path = System/Library/Frameworks/Cocoa.framework; sourceTree = SDKROOT; };
		FDB4D553171BB22200710C2B /* AppKit.framework */ = {isa = PBXFileReference; lastKnownFileType = wrapper.framework; name = AppKit.framework; path = System/Library/Frameworks/AppKit.framework; sourceTree = SDKROOT; };
		FDB4D554171BB22200710C2B /* CoreData.framework */ = {isa = PBXFileReference; lastKnownFileType = wrapper.framework; name = CoreData.framework; path = System/Library/Frameworks/CoreData.framework; sourceTree = SDKROOT; };
		FDB4D555171BB22200710C2B /* Foundation.framework */ = {isa = PBXFileReference; lastKnownFileType = wrapper.framework; name = Foundation.framework; path = System/Library/Frameworks/Foundation.framework; sourceTree = SDKROOT; };
		FDB4D558171BB22200710C2B /* RCPlayground-Info.plist */ = {isa = PBXFileReference; lastKnownFileType = text.plist.xml; path = "RCPlayground-Info.plist"; sourceTree = "<group>"; };
		FDB4D55A171BB22200710C2B /* en */ = {isa = PBXFileReference; lastKnownFileType = text.plist.strings; name = en; path = en.lproj/InfoPlist.strings; sourceTree = "<group>"; };
		FDB4D55C171BB22200710C2B /* main.m */ = {isa = PBXFileReference; lastKnownFileType = sourcecode.c.objc; path = main.m; sourceTree = "<group>"; };
		FDB4D55E171BB22200710C2B /* RCPlayground-Prefix.pch */ = {isa = PBXFileReference; lastKnownFileType = sourcecode.c.h; path = "RCPlayground-Prefix.pch"; sourceTree = "<group>"; };
		FDB4D560171BB22200710C2B /* en */ = {isa = PBXFileReference; lastKnownFileType = text.rtf; name = en; path = en.lproj/Credits.rtf; sourceTree = "<group>"; };
		FDB4D562171BB22200710C2B /* MGSAppDelegate.h */ = {isa = PBXFileReference; lastKnownFileType = sourcecode.c.h; path = MGSAppDelegate.h; sourceTree = "<group>"; };
		FDB4D563171BB22200710C2B /* MGSAppDelegate.m */ = {isa = PBXFileReference; lastKnownFileType = sourcecode.c.objc; path = MGSAppDelegate.m; sourceTree = "<group>"; };
		FDB4D566171BB22200710C2B /* en */ = {isa = PBXFileReference; lastKnownFileType = file.xib; name = en; path = en.lproj/MainMenu.xib; sourceTree = "<group>"; };
		FDB4D56D171BB22200710C2B /* RCPlaygroundTests.octest */ = {isa = PBXFileReference; explicitFileType = wrapper.cfbundle; includeInIndex = 0; path = RCPlaygroundTests.octest; sourceTree = BUILT_PRODUCTS_DIR; };
		FDB4D56E171BB22200710C2B /* SenTestingKit.framework */ = {isa = PBXFileReference; lastKnownFileType = wrapper.framework; name = SenTestingKit.framework; path = Library/Frameworks/SenTestingKit.framework; sourceTree = DEVELOPER_DIR; };
		FDB4D575171BB22200710C2B /* RCPlaygroundTests-Info.plist */ = {isa = PBXFileReference; lastKnownFileType = text.plist.xml; path = "RCPlaygroundTests-Info.plist"; sourceTree = "<group>"; };
		FDB4D577171BB22200710C2B /* en */ = {isa = PBXFileReference; lastKnownFileType = text.plist.strings; name = en; path = en.lproj/InfoPlist.strings; sourceTree = "<group>"; };
		FDB4D579171BB22200710C2B /* RCPlaygroundTests.h */ = {isa = PBXFileReference; lastKnownFileType = sourcecode.c.h; path = RCPlaygroundTests.h; sourceTree = "<group>"; };
		FDB4D57A171BB22300710C2B /* RCPlaygroundTests.m */ = {isa = PBXFileReference; lastKnownFileType = sourcecode.c.objc; path = RCPlaygroundTests.m; sourceTree = "<group>"; };
		FDBF12BE171F9F28009C44BE /* SystemConfiguration.framework */ = {isa = PBXFileReference; lastKnownFileType = wrapper.framework; name = SystemConfiguration.framework; path = System/Library/Frameworks/SystemConfiguration.framework; sourceTree = SDKROOT; };
/* End PBXFileReference section */

/* Begin PBXFrameworksBuildPhase section */
		FDB4D54A171BB22200710C2B /* Frameworks */ = {
			isa = PBXFrameworksBuildPhase;
			buildActionMask = 2147483647;
			files = (
				FDBF12BF171F9F28009C44BE /* SystemConfiguration.framework in Frameworks */,
				FDB4D551171BB22200710C2B /* Cocoa.framework in Frameworks */,
				B8AD03FEBE6440CEB8B1E159 /* libPods.a in Frameworks */,
			);
			runOnlyForDeploymentPostprocessing = 0;
		};
		FDB4D569171BB22200710C2B /* Frameworks */ = {
			isa = PBXFrameworksBuildPhase;
			buildActionMask = 2147483647;
			files = (
				FDB4D56F171BB22200710C2B /* SenTestingKit.framework in Frameworks */,
				FDB4D570171BB22200710C2B /* Cocoa.framework in Frameworks */,
			);
			runOnlyForDeploymentPostprocessing = 0;
		};
/* End PBXFrameworksBuildPhase section */

/* Begin PBXGroup section */
		65246DF5171DDDD700C04AB3 /* Models */ = {
			isa = PBXGroup;
			children = (
				65246DF6171DDDD700C04AB3 /* MGSFeedzillaCategory.h */,
				65246DF7171DDDD700C04AB3 /* MGSFeedzillaCategory.m */,
				65246DF8171DDDD700C04AB3 /* MGSFeedzillaCulture.h */,
				65246DF9171DDDD700C04AB3 /* MGSFeedzillaCulture.m */,
				65246DFA171DDDD700C04AB3 /* MGSFeedzillaSearchCriteria.h */,
				65246DFB171DDDD700C04AB3 /* MGSFeedzillaSearchCriteria.m */,
				65246DFC171DDDD700C04AB3 /* MGSFeedzillaSubcategory.h */,
				65246DFD171DDDD700C04AB3 /* MGSFeedzillaSubcategory.m */,
				65ED0BAF171EF6D300E74159 /* MGSFeedzillaSearchResult.h */,
				65ED0BB0171EF6D300E74159 /* MGSFeedzillaSearchResult.m */,
			);
			path = Models;
			sourceTree = "<group>";
		};
		65246E02171DE6DB00C04AB3 /* View Models */ = {
			isa = PBXGroup;
			children = (
				65ED0BAC171EED4F00E74159 /* MGSFeedzillaSearchViewModel.h */,
				65ED0BAD171EED4F00E74159 /* MGSFeedzillaSearchViewModel.m */,
			);
			path = "View Models";
			sourceTree = "<group>";
		};
		65ED0BB2171F2F9700E74159 /* Networking */ = {
			isa = PBXGroup;
			children = (
				65ED0BB3171F2FCE00E74159 /* MGSFeedzillaClient.h */,
				65ED0BB4171F2FCE00E74159 /* MGSFeedzillaClient.m */,
			);
			path = Networking;
			sourceTree = "<group>";
		};
		FDB4D544171BB22200710C2B = {
			isa = PBXGroup;
			children = (
				FDB4D556171BB22200710C2B /* RCPlayground */,
				FDB4D573171BB22200710C2B /* RCPlaygroundTests */,
				FDB4D54F171BB22200710C2B /* Frameworks */,
				FDB4D54E171BB22200710C2B /* Products */,
				AF2107304AD84B4DB3F6DF1E /* Pods.xcconfig */,
			);
			sourceTree = "<group>";
		};
		FDB4D54E171BB22200710C2B /* Products */ = {
			isa = PBXGroup;
			children = (
				FDB4D54D171BB22200710C2B /* RCPlayground.app */,
				FDB4D56D171BB22200710C2B /* RCPlaygroundTests.octest */,
			);
			name = Products;
			sourceTree = "<group>";
		};
		FDB4D54F171BB22200710C2B /* Frameworks */ = {
			isa = PBXGroup;
			children = (
				FDB4D550171BB22200710C2B /* Cocoa.framework */,
				FDB4D56E171BB22200710C2B /* SenTestingKit.framework */,
				FDB4D552171BB22200710C2B /* Other Frameworks */,
				10443FC7D97144F98A5C104A /* libPods.a */,
			);
			name = Frameworks;
			sourceTree = "<group>";
		};
		FDB4D552171BB22200710C2B /* Other Frameworks */ = {
			isa = PBXGroup;
			children = (
				FDBF12BE171F9F28009C44BE /* SystemConfiguration.framework */,
				FDB4D553171BB22200710C2B /* AppKit.framework */,
				FDB4D554171BB22200710C2B /* CoreData.framework */,
				FDB4D555171BB22200710C2B /* Foundation.framework */,
			);
			name = "Other Frameworks";
			sourceTree = "<group>";
		};
		FDB4D556171BB22200710C2B /* RCPlayground */ = {
			isa = PBXGroup;
			children = (
				FDBF12C0171FA34C009C44BE /* RAC Extensions */,
				65ED0BB2171F2F9700E74159 /* Networking */,
				65246E02171DE6DB00C04AB3 /* View Models */,
				65246DF5171DDDD700C04AB3 /* Models */,
				FDB4D562171BB22200710C2B /* MGSAppDelegate.h */,
				FDB4D563171BB22200710C2B /* MGSAppDelegate.m */,
				FDB4D565171BB22200710C2B /* MainMenu.xib */,
				FDB4D557171BB22200710C2B /* Supporting Files */,
			);
			path = RCPlayground;
			sourceTree = "<group>";
		};
		FDB4D557171BB22200710C2B /* Supporting Files */ = {
			isa = PBXGroup;
			children = (
				FDB4D558171BB22200710C2B /* RCPlayground-Info.plist */,
				FDB4D559171BB22200710C2B /* InfoPlist.strings */,
				FDB4D55C171BB22200710C2B /* main.m */,
				FDB4D55E171BB22200710C2B /* RCPlayground-Prefix.pch */,
				FDB4D55F171BB22200710C2B /* Credits.rtf */,
			);
			name = "Supporting Files";
			sourceTree = "<group>";
		};
		FDB4D573171BB22200710C2B /* RCPlaygroundTests */ = {
			isa = PBXGroup;
			children = (
				FDB4D579171BB22200710C2B /* RCPlaygroundTests.h */,
				FDB4D57A171BB22300710C2B /* RCPlaygroundTests.m */,
				FDB4D574171BB22200710C2B /* Supporting Files */,
			);
			path = RCPlaygroundTests;
			sourceTree = "<group>";
		};
		FDB4D574171BB22200710C2B /* Supporting Files */ = {
			isa = PBXGroup;
			children = (
				FDB4D575171BB22200710C2B /* RCPlaygroundTests-Info.plist */,
				FDB4D576171BB22200710C2B /* InfoPlist.strings */,
			);
			name = "Supporting Files";
			sourceTree = "<group>";
		};
		FDBF12C0171FA34C009C44BE /* RAC Extensions */ = {
			isa = PBXGroup;
			children = (
			);
			path = "RAC Extensions";
			sourceTree = "<group>";
		};
/* End PBXGroup section */

/* Begin PBXNativeTarget section */
		FDB4D54C171BB22200710C2B /* RCPlayground */ = {
			isa = PBXNativeTarget;
			buildConfigurationList = FDB4D57E171BB22300710C2B /* Build configuration list for PBXNativeTarget "RCPlayground" */;
			buildPhases = (
				B53429AD1054436B938CA25F /* Check Pods Manifest.lock */,
				FDB4D549171BB22200710C2B /* Sources */,
				FDB4D54A171BB22200710C2B /* Frameworks */,
				FDB4D54B171BB22200710C2B /* Resources */,
				97DB52D36B0D4B87A1CB4265 /* Copy Pods Resources */,
			);
			buildRules = (
			);
			dependencies = (
			);
			name = RCPlayground;
			productName = RCPlayground;
			productReference = FDB4D54D171BB22200710C2B /* RCPlayground.app */;
			productType = "com.apple.product-type.application";
		};
		FDB4D56C171BB22200710C2B /* RCPlaygroundTests */ = {
			isa = PBXNativeTarget;
			buildConfigurationList = FDB4D581171BB22300710C2B /* Build configuration list for PBXNativeTarget "RCPlaygroundTests" */;
			buildPhases = (
				FDB4D568171BB22200710C2B /* Sources */,
				FDB4D569171BB22200710C2B /* Frameworks */,
				FDB4D56A171BB22200710C2B /* Resources */,
				FDB4D56B171BB22200710C2B /* ShellScript */,
			);
			buildRules = (
			);
			dependencies = (
				FDB4D572171BB22200710C2B /* PBXTargetDependency */,
			);
			name = RCPlaygroundTests;
			productName = RCPlaygroundTests;
			productReference = FDB4D56D171BB22200710C2B /* RCPlaygroundTests.octest */;
			productType = "com.apple.product-type.bundle";
		};
/* End PBXNativeTarget section */

/* Begin PBXProject section */
		FDB4D545171BB22200710C2B /* Project object */ = {
			isa = PBXProject;
			attributes = {
				CLASSPREFIX = MGS;
				LastUpgradeCheck = 0460;
				ORGANIZATIONNAME = "Maple Glen Software";
			};
			buildConfigurationList = FDB4D548171BB22200710C2B /* Build configuration list for PBXProject "RCPlayground" */;
			compatibilityVersion = "Xcode 3.2";
			developmentRegion = English;
			hasScannedForEncodings = 0;
			knownRegions = (
				en,
			);
			mainGroup = FDB4D544171BB22200710C2B;
			productRefGroup = FDB4D54E171BB22200710C2B /* Products */;
			projectDirPath = "";
			projectRoot = "";
			targets = (
				FDB4D54C171BB22200710C2B /* RCPlayground */,
				FDB4D56C171BB22200710C2B /* RCPlaygroundTests */,
			);
		};
/* End PBXProject section */

/* Begin PBXResourcesBuildPhase section */
		FDB4D54B171BB22200710C2B /* Resources */ = {
			isa = PBXResourcesBuildPhase;
			buildActionMask = 2147483647;
			files = (
				FDB4D55B171BB22200710C2B /* InfoPlist.strings in Resources */,
				FDB4D561171BB22200710C2B /* Credits.rtf in Resources */,
				FDB4D567171BB22200710C2B /* MainMenu.xib in Resources */,
			);
			runOnlyForDeploymentPostprocessing = 0;
		};
		FDB4D56A171BB22200710C2B /* Resources */ = {
			isa = PBXResourcesBuildPhase;
			buildActionMask = 2147483647;
			files = (
				FDB4D578171BB22200710C2B /* InfoPlist.strings in Resources */,
			);
			runOnlyForDeploymentPostprocessing = 0;
		};
/* End PBXResourcesBuildPhase section */

/* Begin PBXShellScriptBuildPhase section */
		97DB52D36B0D4B87A1CB4265 /* Copy Pods Resources */ = {
			isa = PBXShellScriptBuildPhase;
			buildActionMask = 2147483647;
			files = (
			);
			inputPaths = (
			);
			name = "Copy Pods Resources";
			outputPaths = (
			);
			runOnlyForDeploymentPostprocessing = 0;
			shellPath = /bin/sh;
			shellScript = "\"${SRCROOT}/../Pods/Pods-resources.sh\"\n";
		};
		B53429AD1054436B938CA25F /* Check Pods Manifest.lock */ = {
			isa = PBXShellScriptBuildPhase;
			buildActionMask = 2147483647;
			files = (
			);
			inputPaths = (
			);
			name = "Check Pods Manifest.lock";
			outputPaths = (
			);
			runOnlyForDeploymentPostprocessing = 0;
			shellPath = /bin/sh;
			shellScript = "diff \"${PODS_ROOT}/../Podfile.lock\" \"${PODS_ROOT}/Manifest.lock\" > /dev/null\nif [[ $? != 0 ]] ; then\n    cat << EOM\nerror: The sanbox is not in sync with the Podfile.lock. Run 'pod install'.\nEOM\n    exit 1\nfi\n";
		};
		FDB4D56B171BB22200710C2B /* ShellScript */ = {
			isa = PBXShellScriptBuildPhase;
			buildActionMask = 2147483647;
			files = (
			);
			inputPaths = (
			);
			outputPaths = (
			);
			runOnlyForDeploymentPostprocessing = 0;
			shellPath = /bin/sh;
			shellScript = "# Run the unit tests in this test bundle.\n\"${SYSTEM_DEVELOPER_DIR}/Tools/RunUnitTests\"\n";
		};
/* End PBXShellScriptBuildPhase section */

/* Begin PBXSourcesBuildPhase section */
		FDB4D549171BB22200710C2B /* Sources */ = {
			isa = PBXSourcesBuildPhase;
			buildActionMask = 2147483647;
			files = (
				FDB4D55D171BB22200710C2B /* main.m in Sources */,
				FDB4D564171BB22200710C2B /* MGSAppDelegate.m in Sources */,
				65246DFE171DDDD700C04AB3 /* MGSFeedzillaCategory.m in Sources */,
				65246DFF171DDDD700C04AB3 /* MGSFeedzillaCulture.m in Sources */,
				65246E00171DDDD700C04AB3 /* MGSFeedzillaSearchCriteria.m in Sources */,
				65246E01171DDDD700C04AB3 /* MGSFeedzillaSubcategory.m in Sources */,
				65ED0BAE171EED4F00E74159 /* MGSFeedzillaSearchViewModel.m in Sources */,
				65ED0BB1171EF6D300E74159 /* MGSFeedzillaSearchResult.m in Sources */,
				65ED0BB5171F2FCE00E74159 /* MGSFeedzillaClient.m in Sources */,
			);
			runOnlyForDeploymentPostprocessing = 0;
		};
		FDB4D568171BB22200710C2B /* Sources */ = {
			isa = PBXSourcesBuildPhase;
			buildActionMask = 2147483647;
			files = (
				FDB4D57B171BB22300710C2B /* RCPlaygroundTests.m in Sources */,
			);
			runOnlyForDeploymentPostprocessing = 0;
		};
/* End PBXSourcesBuildPhase section */

/* Begin PBXTargetDependency section */
		FDB4D572171BB22200710C2B /* PBXTargetDependency */ = {
			isa = PBXTargetDependency;
			target = FDB4D54C171BB22200710C2B /* RCPlayground */;
			targetProxy = FDB4D571171BB22200710C2B /* PBXContainerItemProxy */;
		};
/* End PBXTargetDependency section */

/* Begin PBXVariantGroup section */
		FDB4D559171BB22200710C2B /* InfoPlist.strings */ = {
			isa = PBXVariantGroup;
			children = (
				FDB4D55A171BB22200710C2B /* en */,
			);
			name = InfoPlist.strings;
			sourceTree = "<group>";
		};
		FDB4D55F171BB22200710C2B /* Credits.rtf */ = {
			isa = PBXVariantGroup;
			children = (
				FDB4D560171BB22200710C2B /* en */,
			);
			name = Credits.rtf;
			sourceTree = "<group>";
		};
		FDB4D565171BB22200710C2B /* MainMenu.xib */ = {
			isa = PBXVariantGroup;
			children = (
				FDB4D566171BB22200710C2B /* en */,
			);
			name = MainMenu.xib;
			sourceTree = "<group>";
		};
		FDB4D576171BB22200710C2B /* InfoPlist.strings */ = {
			isa = PBXVariantGroup;
			children = (
				FDB4D577171BB22200710C2B /* en */,
			);
			name = InfoPlist.strings;
			sourceTree = "<group>";
		};
/* End PBXVariantGroup section */

/* Begin XCBuildConfiguration section */
		FDB4D57C171BB22300710C2B /* Debug */ = {
			isa = XCBuildConfiguration;
			buildSettings = {
				ALWAYS_SEARCH_USER_PATHS = NO;
				ARCHS = "$(ARCHS_STANDARD_64_BIT)";
				CLANG_CXX_LANGUAGE_STANDARD = "gnu++0x";
				CLANG_CXX_LIBRARY = "libc++";
				CLANG_ENABLE_OBJC_ARC = YES;
				CLANG_WARN_CONSTANT_CONVERSION = YES;
				CLANG_WARN_EMPTY_BODY = YES;
				CLANG_WARN_ENUM_CONVERSION = YES;
				CLANG_WARN_INT_CONVERSION = YES;
				CLANG_WARN__DUPLICATE_METHOD_MATCH = YES;
				COPY_PHASE_STRIP = NO;
				GCC_C_LANGUAGE_STANDARD = gnu99;
				GCC_DYNAMIC_NO_PIC = NO;
				GCC_ENABLE_OBJC_EXCEPTIONS = YES;
				GCC_OPTIMIZATION_LEVEL = 0;
				GCC_PREPROCESSOR_DEFINITIONS = (
					"DEBUG=1",
					"$(inherited)",
				);
				GCC_SYMBOLS_PRIVATE_EXTERN = NO;
				GCC_WARN_64_TO_32_BIT_CONVERSION = YES;
				GCC_WARN_ABOUT_RETURN_TYPE = YES;
				GCC_WARN_UNINITIALIZED_AUTOS = YES;
				GCC_WARN_UNUSED_VARIABLE = YES;
				MACOSX_DEPLOYMENT_TARGET = 10.7;
				ONLY_ACTIVE_ARCH = YES;
				SDKROOT = macosx;
			};
			name = Debug;
		};
		FDB4D57D171BB22300710C2B /* Release */ = {
			isa = XCBuildConfiguration;
			buildSettings = {
				ALWAYS_SEARCH_USER_PATHS = NO;
				ARCHS = "$(ARCHS_STANDARD_64_BIT)";
				CLANG_CXX_LANGUAGE_STANDARD = "gnu++0x";
				CLANG_CXX_LIBRARY = "libc++";
				CLANG_ENABLE_OBJC_ARC = YES;
				CLANG_WARN_CONSTANT_CONVERSION = YES;
				CLANG_WARN_EMPTY_BODY = YES;
				CLANG_WARN_ENUM_CONVERSION = YES;
				CLANG_WARN_INT_CONVERSION = YES;
				CLANG_WARN__DUPLICATE_METHOD_MATCH = YES;
				COPY_PHASE_STRIP = YES;
				DEBUG_INFORMATION_FORMAT = "dwarf-with-dsym";
				GCC_C_LANGUAGE_STANDARD = gnu99;
				GCC_ENABLE_OBJC_EXCEPTIONS = YES;
				GCC_WARN_64_TO_32_BIT_CONVERSION = YES;
				GCC_WARN_ABOUT_RETURN_TYPE = YES;
				GCC_WARN_UNINITIALIZED_AUTOS = YES;
				GCC_WARN_UNUSED_VARIABLE = YES;
				MACOSX_DEPLOYMENT_TARGET = 10.7;
				SDKROOT = macosx;
			};
			name = Release;
		};
		FDB4D57F171BB22300710C2B /* Debug */ = {
			isa = XCBuildConfiguration;
			baseConfigurationReference = AF2107304AD84B4DB3F6DF1E /* Pods.xcconfig */;
			buildSettings = {
				COMBINE_HIDPI_IMAGES = YES;
				GCC_PRECOMPILE_PREFIX_HEADER = YES;
				GCC_PREFIX_HEADER = "RCPlayground/RCPlayground-Prefix.pch";
				INFOPLIST_FILE = "RCPlayground/RCPlayground-Info.plist";
				PRODUCT_NAME = "$(TARGET_NAME)";
				WRAPPER_EXTENSION = app;
			};
			name = Debug;
		};
		FDB4D580171BB22300710C2B /* Release */ = {
			isa = XCBuildConfiguration;
			baseConfigurationReference = AF2107304AD84B4DB3F6DF1E /* Pods.xcconfig */;
			buildSettings = {
				COMBINE_HIDPI_IMAGES = YES;
				GCC_PRECOMPILE_PREFIX_HEADER = YES;
				GCC_PREFIX_HEADER = "RCPlayground/RCPlayground-Prefix.pch";
				INFOPLIST_FILE = "RCPlayground/RCPlayground-Info.plist";
				PRODUCT_NAME = "$(TARGET_NAME)";
				WRAPPER_EXTENSION = app;
			};
			name = Release;
		};
		FDB4D582171BB22300710C2B /* Debug */ = {
			isa = XCBuildConfiguration;
			buildSettings = {
				BUNDLE_LOADER = "$(BUILT_PRODUCTS_DIR)/RCPlayground.app/Contents/MacOS/RCPlayground";
				COMBINE_HIDPI_IMAGES = YES;
				FRAMEWORK_SEARCH_PATHS = "\"$(DEVELOPER_LIBRARY_DIR)/Frameworks\"";
				GCC_PRECOMPILE_PREFIX_HEADER = YES;
				GCC_PREFIX_HEADER = "RCPlayground/RCPlayground-Prefix.pch";
				INFOPLIST_FILE = "RCPlaygroundTests/RCPlaygroundTests-Info.plist";
				PRODUCT_NAME = "$(TARGET_NAME)";
				TEST_HOST = "$(BUNDLE_LOADER)";
				WRAPPER_EXTENSION = octest;
			};
			name = Debug;
		};
		FDB4D583171BB22300710C2B /* Release */ = {
			isa = XCBuildConfiguration;
			buildSettings = {
				BUNDLE_LOADER = "$(BUILT_PRODUCTS_DIR)/RCPlayground.app/Contents/MacOS/RCPlayground";
				COMBINE_HIDPI_IMAGES = YES;
				FRAMEWORK_SEARCH_PATHS = "\"$(DEVELOPER_LIBRARY_DIR)/Frameworks\"";
				GCC_PRECOMPILE_PREFIX_HEADER = YES;
				GCC_PREFIX_HEADER = "RCPlayground/RCPlayground-Prefix.pch";
				INFOPLIST_FILE = "RCPlaygroundTests/RCPlaygroundTests-Info.plist";
				PRODUCT_NAME = "$(TARGET_NAME)";
				TEST_HOST = "$(BUNDLE_LOADER)";
				WRAPPER_EXTENSION = octest;
			};
			name = Release;
		};
/* End XCBuildConfiguration section */

/* Begin XCConfigurationList section */
		FDB4D548171BB22200710C2B /* Build configuration list for PBXProject "RCPlayground" */ = {
			isa = XCConfigurationList;
			buildConfigurations = (
				FDB4D57C171BB22300710C2B /* Debug */,
				FDB4D57D171BB22300710C2B /* Release */,
			);
			defaultConfigurationIsVisible = 0;
			defaultConfigurationName = Release;
		};
		FDB4D57E171BB22300710C2B /* Build configuration list for PBXNativeTarget "RCPlayground" */ = {
			isa = XCConfigurationList;
			buildConfigurations = (
				FDB4D57F171BB22300710C2B /* Debug */,
				FDB4D580171BB22300710C2B /* Release */,
			);
			defaultConfigurationIsVisible = 0;
			defaultConfigurationName = Release;
		};
		FDB4D581171BB22300710C2B /* Build configuration list for PBXNativeTarget "RCPlaygroundTests" */ = {
			isa = XCConfigurationList;
			buildConfigurations = (
				FDB4D582171BB22300710C2B /* Debug */,
				FDB4D583171BB22300710C2B /* Release */,
			);
			defaultConfigurationIsVisible = 0;
			defaultConfigurationName = Release;
		};
/* End XCConfigurationList section */
	};
	rootObject = FDB4D545171BB22200710C2B /* Project object */;
}
